// !$*UTF8*$!
{
	archiveVersion = 1;
	classes = {
	};
	objectVersion = 50;
	objects = {

/* Begin PBXBuildFile section */
		2428CED82248FDFD0092178F /* AppDelegate.swift in Sources */ = {isa = PBXBuildFile; fileRef = 2428CED72248FDFD0092178F /* AppDelegate.swift */; };
		2428CEDF2248FDFE0092178F /* Assets.xcassets in Resources */ = {isa = PBXBuildFile; fileRef = 2428CEDE2248FDFE0092178F /* Assets.xcassets */; };
		2428CEE22248FDFE0092178F /* LaunchScreen.storyboard in Resources */ = {isa = PBXBuildFile; fileRef = 2428CEE02248FDFE0092178F /* LaunchScreen.storyboard */; };
		2428CEFC224900B70092178F /* UIAlertControllerExtension.swift in Sources */ = {isa = PBXBuildFile; fileRef = 2428CEF4224900B60092178F /* UIAlertControllerExtension.swift */; };
		2428CEFF224900B70092178F /* NSErrorExtension.swift in Sources */ = {isa = PBXBuildFile; fileRef = 2428CEF7224900B60092178F /* NSErrorExtension.swift */; };
		2428CF07224901D20092178F /* BaseTableViewCell.xib in Resources */ = {isa = PBXBuildFile; fileRef = 2428CF04224901D10092178F /* BaseTableViewCell.xib */; };
		2428CF08224901D20092178F /* BaseTableViewCell.swift in Sources */ = {isa = PBXBuildFile; fileRef = 2428CF05224901D10092178F /* BaseTableViewCell.swift */; };
		2428CF09224901D20092178F /* BaseViewController.swift in Sources */ = {isa = PBXBuildFile; fileRef = 2428CF06224901D20092178F /* BaseViewController.swift */; };
		2428CF0B224902120092178F /* NSObjectExtension.swift in Sources */ = {isa = PBXBuildFile; fileRef = 2428CF0A224902120092178F /* NSObjectExtension.swift */; };
		2428CF10224902E10092178F /* Keys.swift in Sources */ = {isa = PBXBuildFile; fileRef = 2428CF0F224902E10092178F /* Keys.swift */; };
		2428CF18224903BD0092178F /* RequestManager.swift in Sources */ = {isa = PBXBuildFile; fileRef = 2428CF17224903BD0092178F /* RequestManager.swift */; };
		2428CF1A224903CA0092178F /* RequestBuilder.swift in Sources */ = {isa = PBXBuildFile; fileRef = 2428CF19224903CA0092178F /* RequestBuilder.swift */; };
		2428CF1D224903E00092178F /* RequestHandler.swift in Sources */ = {isa = PBXBuildFile; fileRef = 2428CF1C224903E00092178F /* RequestHandler.swift */; };
		2428CF20224903F40092178F /* RequestPath.swift in Sources */ = {isa = PBXBuildFile; fileRef = 2428CF1F224903F40092178F /* RequestPath.swift */; };
		2428CF232249083E0092178F /* RequestModels.swift in Sources */ = {isa = PBXBuildFile; fileRef = 2428CF222249083E0092178F /* RequestModels.swift */; };
		2428CF2622490BAE0092178F /* FindVC.swift in Sources */ = {isa = PBXBuildFile; fileRef = 2428CF2422490BAE0092178F /* FindVC.swift */; };
		2428CF2722490BAE0092178F /* FindVC.xib in Resources */ = {isa = PBXBuildFile; fileRef = 2428CF2522490BAE0092178F /* FindVC.xib */; };
		2428CF2B224919070092178F /* PostTableViewCell.swift in Sources */ = {isa = PBXBuildFile; fileRef = 2428CF29224919070092178F /* PostTableViewCell.swift */; };
		2428CF2C224919070092178F /* PostTableViewCell.xib in Resources */ = {isa = PBXBuildFile; fileRef = 2428CF2A224919070092178F /* PostTableViewCell.xib */; };
		2428CF2E22491DC30092178F /* TempDataManager.swift in Sources */ = {isa = PBXBuildFile; fileRef = 2428CF2D22491DC30092178F /* TempDataManager.swift */; };
		244C6CC9224A680D008AEB9D /* FindWorker.swift in Sources */ = {isa = PBXBuildFile; fileRef = 244C6CC8224A680D008AEB9D /* FindWorker.swift */; };
		244C6CCE224A6C01008AEB9D /* PopupView.xib in Resources */ = {isa = PBXBuildFile; fileRef = 244C6CCC224A6C01008AEB9D /* PopupView.xib */; };
		244C6CCF224A6C01008AEB9D /* PopupView.swift in Sources */ = {isa = PBXBuildFile; fileRef = 244C6CCD224A6C01008AEB9D /* PopupView.swift */; };
		244C6CD1224A8BB9008AEB9D /* StringExtension.swift in Sources */ = {isa = PBXBuildFile; fileRef = 244C6CD0224A8BB9008AEB9D /* StringExtension.swift */; };
		244C6CD4224A969E008AEB9D /* ImageService.swift in Sources */ = {isa = PBXBuildFile; fileRef = 244C6CD3224A969E008AEB9D /* ImageService.swift */; };
		244C6CD8224A97F7008AEB9D /* InfoVC.swift in Sources */ = {isa = PBXBuildFile; fileRef = 244C6CD6224A97F7008AEB9D /* InfoVC.swift */; };
		244C6CD9224A97F7008AEB9D /* InfoVC.xib in Resources */ = {isa = PBXBuildFile; fileRef = 244C6CD7224A97F7008AEB9D /* InfoVC.xib */; };
		B4C8162D37471854FF6A6C30 /* Pods_tumblrTest.framework in Frameworks */ = {isa = PBXBuildFile; fileRef = A008757AC1064E72790B921B /* Pods_tumblrTest.framework */; };
/* End PBXBuildFile section */

/* Begin PBXFileReference section */
		2428CED42248FDFD0092178F /* tumblrTest.app */ = {isa = PBXFileReference; explicitFileType = wrapper.application; includeInIndex = 0; path = tumblrTest.app; sourceTree = BUILT_PRODUCTS_DIR; };
		2428CED72248FDFD0092178F /* AppDelegate.swift */ = {isa = PBXFileReference; lastKnownFileType = sourcecode.swift; path = AppDelegate.swift; sourceTree = "<group>"; };
		2428CEDE2248FDFE0092178F /* Assets.xcassets */ = {isa = PBXFileReference; lastKnownFileType = folder.assetcatalog; path = Assets.xcassets; sourceTree = "<group>"; };
		2428CEE12248FDFE0092178F /* Base */ = {isa = PBXFileReference; lastKnownFileType = file.storyboard; name = Base; path = Base.lproj/LaunchScreen.storyboard; sourceTree = "<group>"; };
		2428CEE32248FDFE0092178F /* Info.plist */ = {isa = PBXFileReference; lastKnownFileType = text.plist.xml; path = Info.plist; sourceTree = "<group>"; };
		2428CEF4224900B60092178F /* UIAlertControllerExtension.swift */ = {isa = PBXFileReference; fileEncoding = 4; lastKnownFileType = sourcecode.swift; path = UIAlertControllerExtension.swift; sourceTree = "<group>"; };
		2428CEF7224900B60092178F /* NSErrorExtension.swift */ = {isa = PBXFileReference; fileEncoding = 4; lastKnownFileType = sourcecode.swift; path = NSErrorExtension.swift; sourceTree = "<group>"; };
		2428CF04224901D10092178F /* BaseTableViewCell.xib */ = {isa = PBXFileReference; fileEncoding = 4; lastKnownFileType = file.xib; path = BaseTableViewCell.xib; sourceTree = "<group>"; };
		2428CF05224901D10092178F /* BaseTableViewCell.swift */ = {isa = PBXFileReference; fileEncoding = 4; lastKnownFileType = sourcecode.swift; path = BaseTableViewCell.swift; sourceTree = "<group>"; };
		2428CF06224901D20092178F /* BaseViewController.swift */ = {isa = PBXFileReference; fileEncoding = 4; lastKnownFileType = sourcecode.swift; path = BaseViewController.swift; sourceTree = "<group>"; };
		2428CF0A224902120092178F /* NSObjectExtension.swift */ = {isa = PBXFileReference; lastKnownFileType = sourcecode.swift; path = NSObjectExtension.swift; sourceTree = "<group>"; };
		2428CF0F224902E10092178F /* Keys.swift */ = {isa = PBXFileReference; lastKnownFileType = sourcecode.swift; path = Keys.swift; sourceTree = "<group>"; };
		2428CF17224903BD0092178F /* RequestManager.swift */ = {isa = PBXFileReference; lastKnownFileType = sourcecode.swift; path = RequestManager.swift; sourceTree = "<group>"; };
		2428CF19224903CA0092178F /* RequestBuilder.swift */ = {isa = PBXFileReference; lastKnownFileType = sourcecode.swift; path = RequestBuilder.swift; sourceTree = "<group>"; };
		2428CF1C224903E00092178F /* RequestHandler.swift */ = {isa = PBXFileReference; lastKnownFileType = sourcecode.swift; path = RequestHandler.swift; sourceTree = "<group>"; };
		2428CF1F224903F40092178F /* RequestPath.swift */ = {isa = PBXFileReference; lastKnownFileType = sourcecode.swift; path = RequestPath.swift; sourceTree = "<group>"; };
		2428CF222249083E0092178F /* RequestModels.swift */ = {isa = PBXFileReference; lastKnownFileType = sourcecode.swift; path = RequestModels.swift; sourceTree = "<group>"; };
		2428CF2422490BAE0092178F /* FindVC.swift */ = {isa = PBXFileReference; lastKnownFileType = sourcecode.swift; path = FindVC.swift; sourceTree = "<group>"; };
		2428CF2522490BAE0092178F /* FindVC.xib */ = {isa = PBXFileReference; lastKnownFileType = file.xib; path = FindVC.xib; sourceTree = "<group>"; };
		2428CF29224919070092178F /* PostTableViewCell.swift */ = {isa = PBXFileReference; lastKnownFileType = sourcecode.swift; path = PostTableViewCell.swift; sourceTree = "<group>"; };
		2428CF2A224919070092178F /* PostTableViewCell.xib */ = {isa = PBXFileReference; lastKnownFileType = file.xib; path = PostTableViewCell.xib; sourceTree = "<group>"; };
		2428CF2D22491DC30092178F /* TempDataManager.swift */ = {isa = PBXFileReference; lastKnownFileType = sourcecode.swift; path = TempDataManager.swift; sourceTree = "<group>"; };
		244C6CC8224A680D008AEB9D /* FindWorker.swift */ = {isa = PBXFileReference; lastKnownFileType = sourcecode.swift; path = FindWorker.swift; sourceTree = "<group>"; };
		244C6CCC224A6C01008AEB9D /* PopupView.xib */ = {isa = PBXFileReference; fileEncoding = 4; lastKnownFileType = file.xib; path = PopupView.xib; sourceTree = "<group>"; };
		244C6CCD224A6C01008AEB9D /* PopupView.swift */ = {isa = PBXFileReference; fileEncoding = 4; lastKnownFileType = sourcecode.swift; path = PopupView.swift; sourceTree = "<group>"; };
		244C6CD0224A8BB9008AEB9D /* StringExtension.swift */ = {isa = PBXFileReference; lastKnownFileType = sourcecode.swift; path = StringExtension.swift; sourceTree = "<group>"; };
		244C6CD3224A969E008AEB9D /* ImageService.swift */ = {isa = PBXFileReference; lastKnownFileType = sourcecode.swift; path = ImageService.swift; sourceTree = "<group>"; };
		244C6CD6224A97F7008AEB9D /* InfoVC.swift */ = {isa = PBXFileReference; lastKnownFileType = sourcecode.swift; path = InfoVC.swift; sourceTree = "<group>"; };
		244C6CD7224A97F7008AEB9D /* InfoVC.xib */ = {isa = PBXFileReference; lastKnownFileType = file.xib; path = InfoVC.xib; sourceTree = "<group>"; };
		7AF80CDE23E002630CB4F6F0 /* Pods-tumblrTest.debug.xcconfig */ = {isa = PBXFileReference; includeInIndex = 1; lastKnownFileType = text.xcconfig; name = "Pods-tumblrTest.debug.xcconfig"; path = "Target Support Files/Pods-tumblrTest/Pods-tumblrTest.debug.xcconfig"; sourceTree = "<group>"; };
		A008757AC1064E72790B921B /* Pods_tumblrTest.framework */ = {isa = PBXFileReference; explicitFileType = wrapper.framework; includeInIndex = 0; path = Pods_tumblrTest.framework; sourceTree = BUILT_PRODUCTS_DIR; };
		F94EF38A6E7EADC2CA653C4E /* Pods-tumblrTest.release.xcconfig */ = {isa = PBXFileReference; includeInIndex = 1; lastKnownFileType = text.xcconfig; name = "Pods-tumblrTest.release.xcconfig"; path = "Target Support Files/Pods-tumblrTest/Pods-tumblrTest.release.xcconfig"; sourceTree = "<group>"; };
/* End PBXFileReference section */

/* Begin PBXFrameworksBuildPhase section */
		2428CED12248FDFD0092178F /* Frameworks */ = {
			isa = PBXFrameworksBuildPhase;
			buildActionMask = 2147483647;
			files = (
				B4C8162D37471854FF6A6C30 /* Pods_tumblrTest.framework in Frameworks */,
			);
			runOnlyForDeploymentPostprocessing = 0;
		};
/* End PBXFrameworksBuildPhase section */

/* Begin PBXGroup section */
		2428CECB2248FDFD0092178F = {
			isa = PBXGroup;
			children = (
				2428CED62248FDFD0092178F /* tumblrTest */,
				2428CED52248FDFD0092178F /* Products */,
				2B5258ECA342F64F0D31ED49 /* Pods */,
				C5CE459C68889D3DF6C297BD /* Frameworks */,
			);
			sourceTree = "<group>";
		};
		2428CED52248FDFD0092178F /* Products */ = {
			isa = PBXGroup;
			children = (
				2428CED42248FDFD0092178F /* tumblrTest.app */,
			);
			name = Products;
			sourceTree = "<group>";
		};
		2428CED62248FDFD0092178F /* tumblrTest */ = {
			isa = PBXGroup;
			children = (
				2428CEEB2248FFA30092178F /* resources */,
				2428CEEA2248FF9C0092178F /* source */,
				2428CEE92248FF8F0092178F /* project */,
			);
			path = tumblrTest;
			sourceTree = "<group>";
		};
		2428CEE92248FF8F0092178F /* project */ = {
			isa = PBXGroup;
			children = (
				2428CEE32248FDFE0092178F /* Info.plist */,
			);
			path = project;
			sourceTree = "<group>";
		};
		2428CEEA2248FF9C0092178F /* source */ = {
			isa = PBXGroup;
			children = (
				2428CED72248FDFD0092178F /* AppDelegate.swift */,
				2428CEEF224900010092178F /* data */,
				2428CEED2248FFD00092178F /* extension */,
				2428CEEC2248FFC40092178F /* implementation */,
			);
			path = source;
			sourceTree = "<group>";
		};
		2428CEEB2248FFA30092178F /* resources */ = {
			isa = PBXGroup;
			children = (
				2428CEE02248FDFE0092178F /* LaunchScreen.storyboard */,
				2428CEDE2248FDFE0092178F /* Assets.xcassets */,
			);
			path = resources;
			sourceTree = "<group>";
		};
		2428CEEC2248FFC40092178F /* implementation */ = {
			isa = PBXGroup;
			children = (
				244C6CCA224A6BEE008AEB9D /* custom_elements */,
				2428CF15224903960092178F /* services */,
				2428CEF1224900130092178F /* base_elements */,
				2428CEF0224900090092178F /* controllers */,
			);
			path = implementation;
			sourceTree = "<group>";
		};
		2428CEED2248FFD00092178F /* extension */ = {
			isa = PBXGroup;
			children = (
				2428CEF7224900B60092178F /* NSErrorExtension.swift */,
				2428CEF4224900B60092178F /* UIAlertControllerExtension.swift */,
				2428CF0A224902120092178F /* NSObjectExtension.swift */,
				244C6CD0224A8BB9008AEB9D /* StringExtension.swift */,
			);
			path = extension;
			sourceTree = "<group>";
		};
		2428CEEF224900010092178F /* data */ = {
			isa = PBXGroup;
			children = (
				2428CEF3224900690092178F /* models */,
				2428CEF2224900620092178F /* keys */,
			);
			path = data;
			sourceTree = "<group>";
		};
		2428CEF0224900090092178F /* controllers */ = {
			isa = PBXGroup;
			children = (
				2428CF0C224902910092178F /* find_screen */,
				2428CF0D224902A00092178F /* info_screen */,
			);
			path = controllers;
			sourceTree = "<group>";
		};
		2428CEF1224900130092178F /* base_elements */ = {
			isa = PBXGroup;
			children = (
				2428CF05224901D10092178F /* BaseTableViewCell.swift */,
				2428CF04224901D10092178F /* BaseTableViewCell.xib */,
				2428CF06224901D20092178F /* BaseViewController.swift */,
			);
			path = base_elements;
			sourceTree = "<group>";
		};
		2428CEF2224900620092178F /* keys */ = {
			isa = PBXGroup;
			children = (
				2428CF0F224902E10092178F /* Keys.swift */,
			);
			path = keys;
			sourceTree = "<group>";
		};
		2428CEF3224900690092178F /* models */ = {
			isa = PBXGroup;
			children = (
				2428CF2D22491DC30092178F /* TempDataManager.swift */,
			);
			path = models;
			sourceTree = "<group>";
		};
		2428CF0C224902910092178F /* find_screen */ = {
			isa = PBXGroup;
			children = (
				2428CF28224918EB0092178F /* cell */,
				2428CF2422490BAE0092178F /* FindVC.swift */,
				2428CF2522490BAE0092178F /* FindVC.xib */,
				244C6CC8224A680D008AEB9D /* FindWorker.swift */,
			);
			path = find_screen;
			sourceTree = "<group>";
		};
		2428CF0D224902A00092178F /* info_screen */ = {
			isa = PBXGroup;
			children = (
				244C6CD6224A97F7008AEB9D /* InfoVC.swift */,
				244C6CD7224A97F7008AEB9D /* InfoVC.xib */,
			);
			path = info_screen;
			sourceTree = "<group>";
		};
		2428CF15224903960092178F /* services */ = {
			isa = PBXGroup;
			children = (
				2428CF16224903A20092178F /* request-manager */,
				244C6CD3224A969E008AEB9D /* ImageService.swift */,
			);
			path = services;
			sourceTree = "<group>";
		};
		2428CF16224903A20092178F /* request-manager */ = {
			isa = PBXGroup;
			children = (
				2428CF17224903BD0092178F /* RequestManager.swift */,
				2428CF19224903CA0092178F /* RequestBuilder.swift */,
				2428CF1C224903E00092178F /* RequestHandler.swift */,
				2428CF1F224903F40092178F /* RequestPath.swift */,
				2428CF222249083E0092178F /* RequestModels.swift */,
			);
			path = "request-manager";
			sourceTree = "<group>";
		};
		2428CF28224918EB0092178F /* cell */ = {
			isa = PBXGroup;
			children = (
				2428CF29224919070092178F /* PostTableViewCell.swift */,
				2428CF2A224919070092178F /* PostTableViewCell.xib */,
			);
			path = cell;
			sourceTree = "<group>";
		};
		244C6CCA224A6BEE008AEB9D /* custom_elements */ = {
			isa = PBXGroup;
			children = (
				244C6CCB224A6C01008AEB9D /* PopupView */,
			);
			path = custom_elements;
			sourceTree = "<group>";
		};
		244C6CCB224A6C01008AEB9D /* PopupView */ = {
			isa = PBXGroup;
			children = (
				244C6CCC224A6C01008AEB9D /* PopupView.xib */,
				244C6CCD224A6C01008AEB9D /* PopupView.swift */,
			);
			path = PopupView;
			sourceTree = "<group>";
		};
		2B5258ECA342F64F0D31ED49 /* Pods */ = {
			isa = PBXGroup;
			children = (
				7AF80CDE23E002630CB4F6F0 /* Pods-tumblrTest.debug.xcconfig */,
				F94EF38A6E7EADC2CA653C4E /* Pods-tumblrTest.release.xcconfig */,
			);
			path = Pods;
			sourceTree = "<group>";
		};
		C5CE459C68889D3DF6C297BD /* Frameworks */ = {
			isa = PBXGroup;
			children = (
				A008757AC1064E72790B921B /* Pods_tumblrTest.framework */,
			);
			name = Frameworks;
			sourceTree = "<group>";
		};
/* End PBXGroup section */

/* Begin PBXNativeTarget section */
		2428CED32248FDFD0092178F /* tumblrTest */ = {
			isa = PBXNativeTarget;
			buildConfigurationList = 2428CEE62248FDFE0092178F /* Build configuration list for PBXNativeTarget "tumblrTest" */;
			buildPhases = (
				281FE3E843924EC205C5EE3C /* [CP] Check Pods Manifest.lock */,
				2428CED02248FDFD0092178F /* Sources */,
				2428CED12248FDFD0092178F /* Frameworks */,
				2428CED22248FDFD0092178F /* Resources */,
				12773C95C2D9F8FCC08435B0 /* [CP] Embed Pods Frameworks */,
			);
			buildRules = (
			);
			dependencies = (
			);
			name = tumblrTest;
			productName = tumblrTest;
			productReference = 2428CED42248FDFD0092178F /* tumblrTest.app */;
			productType = "com.apple.product-type.application";
		};
/* End PBXNativeTarget section */

/* Begin PBXProject section */
		2428CECC2248FDFD0092178F /* Project object */ = {
			isa = PBXProject;
			attributes = {
				LastSwiftUpdateCheck = 1010;
				LastUpgradeCheck = 1010;
				ORGANIZATIONNAME = "Vlad Demchenko";
				TargetAttributes = {
					2428CED32248FDFD0092178F = {
						CreatedOnToolsVersion = 10.1;
						LastSwiftMigration = 1020;
					};
				};
			};
			buildConfigurationList = 2428CECF2248FDFD0092178F /* Build configuration list for PBXProject "tumblrTest" */;
			compatibilityVersion = "Xcode 9.3";
			developmentRegion = en;
			hasScannedForEncodings = 0;
			knownRegions = (
				en,
				Base,
			);
			mainGroup = 2428CECB2248FDFD0092178F;
			productRefGroup = 2428CED52248FDFD0092178F /* Products */;
			projectDirPath = "";
			projectRoot = "";
			targets = (
				2428CED32248FDFD0092178F /* tumblrTest */,
			);
		};
/* End PBXProject section */

/* Begin PBXResourcesBuildPhase section */
		2428CED22248FDFD0092178F /* Resources */ = {
			isa = PBXResourcesBuildPhase;
			buildActionMask = 2147483647;
			files = (
				2428CF07224901D20092178F /* BaseTableViewCell.xib in Resources */,
				2428CF2C224919070092178F /* PostTableViewCell.xib in Resources */,
				2428CF2722490BAE0092178F /* FindVC.xib in Resources */,
				244C6CCE224A6C01008AEB9D /* PopupView.xib in Resources */,
				2428CEE22248FDFE0092178F /* LaunchScreen.storyboard in Resources */,
				2428CEDF2248FDFE0092178F /* Assets.xcassets in Resources */,
				244C6CD9224A97F7008AEB9D /* InfoVC.xib in Resources */,
			);
			runOnlyForDeploymentPostprocessing = 0;
		};
/* End PBXResourcesBuildPhase section */

/* Begin PBXShellScriptBuildPhase section */
		12773C95C2D9F8FCC08435B0 /* [CP] Embed Pods Frameworks */ = {
			isa = PBXShellScriptBuildPhase;
			buildActionMask = 2147483647;
			files = (
			);
			inputFileListPaths = (
			);
			inputPaths = (
				"${PODS_ROOT}/Target Support Files/Pods-tumblrTest/Pods-tumblrTest-frameworks.sh",
				"${BUILT_PRODUCTS_DIR}/Alamofire/Alamofire.framework",
				"${BUILT_PRODUCTS_DIR}/Kingfisher/Kingfisher.framework",
				"${BUILT_PRODUCTS_DIR}/QuickLayout/QuickLayout.framework",
				"${BUILT_PRODUCTS_DIR}/SnapKit/SnapKit.framework",
				"${BUILT_PRODUCTS_DIR}/SwiftEntryKit/SwiftEntryKit.framework",
			);
			name = "[CP] Embed Pods Frameworks";
			outputFileListPaths = (
			);
			outputPaths = (
				"${TARGET_BUILD_DIR}/${FRAMEWORKS_FOLDER_PATH}/Alamofire.framework",
				"${TARGET_BUILD_DIR}/${FRAMEWORKS_FOLDER_PATH}/Kingfisher.framework",
				"${TARGET_BUILD_DIR}/${FRAMEWORKS_FOLDER_PATH}/QuickLayout.framework",
				"${TARGET_BUILD_DIR}/${FRAMEWORKS_FOLDER_PATH}/SnapKit.framework",
				"${TARGET_BUILD_DIR}/${FRAMEWORKS_FOLDER_PATH}/SwiftEntryKit.framework",
			);
			runOnlyForDeploymentPostprocessing = 0;
			shellPath = /bin/sh;
			shellScript = "\"${PODS_ROOT}/Target Support Files/Pods-tumblrTest/Pods-tumblrTest-frameworks.sh\"\n";
			showEnvVarsInLog = 0;
		};
		281FE3E843924EC205C5EE3C /* [CP] Check Pods Manifest.lock */ = {
			isa = PBXShellScriptBuildPhase;
			buildActionMask = 2147483647;
			files = (
			);
			inputFileListPaths = (
			);
			inputPaths = (
				"${PODS_PODFILE_DIR_PATH}/Podfile.lock",
				"${PODS_ROOT}/Manifest.lock",
			);
			name = "[CP] Check Pods Manifest.lock";
			outputFileListPaths = (
			);
			outputPaths = (
				"$(DERIVED_FILE_DIR)/Pods-tumblrTest-checkManifestLockResult.txt",
			);
			runOnlyForDeploymentPostprocessing = 0;
			shellPath = /bin/sh;
			shellScript = "diff \"${PODS_PODFILE_DIR_PATH}/Podfile.lock\" \"${PODS_ROOT}/Manifest.lock\" > /dev/null\nif [ $? != 0 ] ; then\n    # print error to STDERR\n    echo \"error: The sandbox is not in sync with the Podfile.lock. Run 'pod install' or update your CocoaPods installation.\" >&2\n    exit 1\nfi\n# This output is used by Xcode 'outputs' to avoid re-running this script phase.\necho \"SUCCESS\" > \"${SCRIPT_OUTPUT_FILE_0}\"\n";
			showEnvVarsInLog = 0;
		};
/* End PBXShellScriptBuildPhase section */

/* Begin PBXSourcesBuildPhase section */
		2428CED02248FDFD0092178F /* Sources */ = {
			isa = PBXSourcesBuildPhase;
			buildActionMask = 2147483647;
			files = (
				244C6CC9224A680D008AEB9D /* FindWorker.swift in Sources */,
				2428CF09224901D20092178F /* BaseViewController.swift in Sources */,
				2428CF2622490BAE0092178F /* FindVC.swift in Sources */,
				2428CF2B224919070092178F /* PostTableViewCell.swift in Sources */,
				244C6CD8224A97F7008AEB9D /* InfoVC.swift in Sources */,
				2428CF0B224902120092178F /* NSObjectExtension.swift in Sources */,
				244C6CD4224A969E008AEB9D /* ImageService.swift in Sources */,
				2428CF08224901D20092178F /* BaseTableViewCell.swift in Sources */,
				2428CF1D224903E00092178F /* RequestHandler.swift in Sources */,
				2428CF232249083E0092178F /* RequestModels.swift in Sources */,
				244C6CCF224A6C01008AEB9D /* PopupView.swift in Sources */,
				2428CEFC224900B70092178F /* UIAlertControllerExtension.swift in Sources */,
				2428CF20224903F40092178F /* RequestPath.swift in Sources */,
				244C6CD1224A8BB9008AEB9D /* StringExtension.swift in Sources */,
				2428CF1A224903CA0092178F /* RequestBuilder.swift in Sources */,
				2428CF2E22491DC30092178F /* TempDataManager.swift in Sources */,
				2428CF10224902E10092178F /* Keys.swift in Sources */,
				2428CF18224903BD0092178F /* RequestManager.swift in Sources */,
				2428CEFF224900B70092178F /* NSErrorExtension.swift in Sources */,
				2428CED82248FDFD0092178F /* AppDelegate.swift in Sources */,
			);
			runOnlyForDeploymentPostprocessing = 0;
		};
/* End PBXSourcesBuildPhase section */

/* Begin PBXVariantGroup section */
		2428CEE02248FDFE0092178F /* LaunchScreen.storyboard */ = {
			isa = PBXVariantGroup;
			children = (
				2428CEE12248FDFE0092178F /* Base */,
			);
			name = LaunchScreen.storyboard;
			sourceTree = "<group>";
		};
/* End PBXVariantGroup section */

/* Begin XCBuildConfiguration section */
		2428CEE42248FDFE0092178F /* Debug */ = {
			isa = XCBuildConfiguration;
			buildSettings = {
				ALWAYS_SEARCH_USER_PATHS = NO;
				CLANG_ANALYZER_NONNULL = YES;
				CLANG_ANALYZER_NUMBER_OBJECT_CONVERSION = YES_AGGRESSIVE;
				CLANG_CXX_LANGUAGE_STANDARD = "gnu++14";
				CLANG_CXX_LIBRARY = "libc++";
				CLANG_ENABLE_MODULES = YES;
				CLANG_ENABLE_OBJC_ARC = YES;
				CLANG_ENABLE_OBJC_WEAK = YES;
				CLANG_WARN_BLOCK_CAPTURE_AUTORELEASING = YES;
				CLANG_WARN_BOOL_CONVERSION = YES;
				CLANG_WARN_COMMA = YES;
				CLANG_WARN_CONSTANT_CONVERSION = YES;
				CLANG_WARN_DEPRECATED_OBJC_IMPLEMENTATIONS = YES;
				CLANG_WARN_DIRECT_OBJC_ISA_USAGE = YES_ERROR;
				CLANG_WARN_DOCUMENTATION_COMMENTS = YES;
				CLANG_WARN_EMPTY_BODY = YES;
				CLANG_WARN_ENUM_CONVERSION = YES;
				CLANG_WARN_INFINITE_RECURSION = YES;
				CLANG_WARN_INT_CONVERSION = YES;
				CLANG_WARN_NON_LITERAL_NULL_CONVERSION = YES;
				CLANG_WARN_OBJC_IMPLICIT_RETAIN_SELF = YES;
				CLANG_WARN_OBJC_LITERAL_CONVERSION = YES;
				CLANG_WARN_OBJC_ROOT_CLASS = YES_ERROR;
				CLANG_WARN_RANGE_LOOP_ANALYSIS = YES;
				CLANG_WARN_STRICT_PROTOTYPES = YES;
				CLANG_WARN_SUSPICIOUS_MOVE = YES;
				CLANG_WARN_UNGUARDED_AVAILABILITY = YES_AGGRESSIVE;
				CLANG_WARN_UNREACHABLE_CODE = YES;
				CLANG_WARN__DUPLICATE_METHOD_MATCH = YES;
				CODE_SIGN_IDENTITY = "iPhone Developer";
				COPY_PHASE_STRIP = NO;
				DEBUG_INFORMATION_FORMAT = dwarf;
				ENABLE_STRICT_OBJC_MSGSEND = YES;
				ENABLE_TESTABILITY = YES;
				GCC_C_LANGUAGE_STANDARD = gnu11;
				GCC_DYNAMIC_NO_PIC = NO;
				GCC_NO_COMMON_BLOCKS = YES;
				GCC_OPTIMIZATION_LEVEL = 0;
				GCC_PREPROCESSOR_DEFINITIONS = (
					"DEBUG=1",
					"$(inherited)",
				);
				GCC_WARN_64_TO_32_BIT_CONVERSION = YES;
				GCC_WARN_ABOUT_RETURN_TYPE = YES_ERROR;
				GCC_WARN_UNDECLARED_SELECTOR = YES;
				GCC_WARN_UNINITIALIZED_AUTOS = YES_AGGRESSIVE;
				GCC_WARN_UNUSED_FUNCTION = YES;
				GCC_WARN_UNUSED_VARIABLE = YES;
				IPHONEOS_DEPLOYMENT_TARGET = 12.1;
				MTL_ENABLE_DEBUG_INFO = INCLUDE_SOURCE;
				MTL_FAST_MATH = YES;
				ONLY_ACTIVE_ARCH = YES;
				SDKROOT = iphoneos;
				SWIFT_ACTIVE_COMPILATION_CONDITIONS = DEBUG;
				SWIFT_OPTIMIZATION_LEVEL = "-Onone";
			};
			name = Debug;
		};
		2428CEE52248FDFE0092178F /* Release */ = {
			isa = XCBuildConfiguration;
			buildSettings = {
				ALWAYS_SEARCH_USER_PATHS = NO;
				CLANG_ANALYZER_NONNULL = YES;
				CLANG_ANALYZER_NUMBER_OBJECT_CONVERSION = YES_AGGRESSIVE;
				CLANG_CXX_LANGUAGE_STANDARD = "gnu++14";
				CLANG_CXX_LIBRARY = "libc++";
				CLANG_ENABLE_MODULES = YES;
				CLANG_ENABLE_OBJC_ARC = YES;
				CLANG_ENABLE_OBJC_WEAK = YES;
				CLANG_WARN_BLOCK_CAPTURE_AUTORELEASING = YES;
				CLANG_WARN_BOOL_CONVERSION = YES;
				CLANG_WARN_COMMA = YES;
				CLANG_WARN_CONSTANT_CONVERSION = YES;
				CLANG_WARN_DEPRECATED_OBJC_IMPLEMENTATIONS = YES;
				CLANG_WARN_DIRECT_OBJC_ISA_USAGE = YES_ERROR;
				CLANG_WARN_DOCUMENTATION_COMMENTS = YES;
				CLANG_WARN_EMPTY_BODY = YES;
				CLANG_WARN_ENUM_CONVERSION = YES;
				CLANG_WARN_INFINITE_RECURSION = YES;
				CLANG_WARN_INT_CONVERSION = YES;
				CLANG_WARN_NON_LITERAL_NULL_CONVERSION = YES;
				CLANG_WARN_OBJC_IMPLICIT_RETAIN_SELF = YES;
				CLANG_WARN_OBJC_LITERAL_CONVERSION = YES;
				CLANG_WARN_OBJC_ROOT_CLASS = YES_ERROR;
				CLANG_WARN_RANGE_LOOP_ANALYSIS = YES;
				CLANG_WARN_STRICT_PROTOTYPES = YES;
				CLANG_WARN_SUSPICIOUS_MOVE = YES;
				CLANG_WARN_UNGUARDED_AVAILABILITY = YES_AGGRESSIVE;
				CLANG_WARN_UNREACHABLE_CODE = YES;
				CLANG_WARN__DUPLICATE_METHOD_MATCH = YES;
				CODE_SIGN_IDENTITY = "iPhone Developer";
				COPY_PHASE_STRIP = NO;
				DEBUG_INFORMATION_FORMAT = "dwarf-with-dsym";
				ENABLE_NS_ASSERTIONS = NO;
				ENABLE_STRICT_OBJC_MSGSEND = YES;
				GCC_C_LANGUAGE_STANDARD = gnu11;
				GCC_NO_COMMON_BLOCKS = YES;
				GCC_WARN_64_TO_32_BIT_CONVERSION = YES;
				GCC_WARN_ABOUT_RETURN_TYPE = YES_ERROR;
				GCC_WARN_UNDECLARED_SELECTOR = YES;
				GCC_WARN_UNINITIALIZED_AUTOS = YES_AGGRESSIVE;
				GCC_WARN_UNUSED_FUNCTION = YES;
				GCC_WARN_UNUSED_VARIABLE = YES;
				IPHONEOS_DEPLOYMENT_TARGET = 12.1;
				MTL_ENABLE_DEBUG_INFO = NO;
				MTL_FAST_MATH = YES;
				SDKROOT = iphoneos;
				SWIFT_COMPILATION_MODE = wholemodule;
				SWIFT_OPTIMIZATION_LEVEL = "-O";
				VALIDATE_PRODUCT = YES;
			};
			name = Release;
		};
		2428CEE72248FDFE0092178F /* Debug */ = {
			isa = XCBuildConfiguration;
			baseConfigurationReference = 7AF80CDE23E002630CB4F6F0 /* Pods-tumblrTest.debug.xcconfig */;
			buildSettings = {
				ASSETCATALOG_COMPILER_APPICON_NAME = AppIcon;
				CODE_SIGN_STYLE = Automatic;
				DEVELOPMENT_TEAM = ZPKV52D2F2;
				INFOPLIST_FILE = "$(SRCROOT)/tumblrTest/project/Info.plist";
				LD_RUNPATH_SEARCH_PATHS = (
					"$(inherited)",
					"@executable_path/Frameworks",
				);
				PRODUCT_BUNDLE_IDENTIFIER = vdemchen.tumblrTest;
				PRODUCT_NAME = "$(TARGET_NAME)";
				SWIFT_VERSION = 5.0;
				TARGETED_DEVICE_FAMILY = "1,2";
			};
			name = Debug;
		};
		2428CEE82248FDFE0092178F /* Release */ = {
			isa = XCBuildConfiguration;
			baseConfigurationReference = F94EF38A6E7EADC2CA653C4E /* Pods-tumblrTest.release.xcconfig */;
			buildSettings = {
				ASSETCATALOG_COMPILER_APPICON_NAME = AppIcon;
				CODE_SIGN_STYLE = Automatic;
				DEVELOPMENT_TEAM = ZPKV52D2F2;
				INFOPLIST_FILE = "$(SRCROOT)/tumblrTest/project/Info.plist";
				LD_RUNPATH_SEARCH_PATHS = (
					"$(inherited)",
					"@executable_path/Frameworks",
				);
				PRODUCT_BUNDLE_IDENTIFIER = vdemchen.tumblrTest;
				PRODUCT_NAME = "$(TARGET_NAME)";
				SWIFT_VERSION = 5.0;
				TARGETED_DEVICE_FAMILY = "1,2";
			};
			name = Release;
		};
/* End XCBuildConfiguration section */

/* Begin XCConfigurationList section */
		2428CECF2248FDFD0092178F /* Build configuration list for PBXProject "tumblrTest" */ = {
			isa = XCConfigurationList;
			buildConfigurations = (
				2428CEE42248FDFE0092178F /* Debug */,
				2428CEE52248FDFE0092178F /* Release */,
			);
			defaultConfigurationIsVisible = 0;
			defaultConfigurationName = Release;
		};
		2428CEE62248FDFE0092178F /* Build configuration list for PBXNativeTarget "tumblrTest" */ = {
			isa = XCConfigurationList;
			buildConfigurations = (
				2428CEE72248FDFE0092178F /* Debug */,
				2428CEE82248FDFE0092178F /* Release */,
			);
			defaultConfigurationIsVisible = 0;
			defaultConfigurationName = Release;
		};
/* End XCConfigurationList section */
	};
	rootObject = 2428CECC2248FDFD0092178F /* Project object */;
}
